
Microsoft Visual Studio Solution File, Format Version 12.00
# Visual Studio Version 17
VisualStudioVersion = 17.0.31919.166
MinimumVisualStudioVersion = 10.0.40219.1
Project("{FAE04EC0-301F-11D3-BF4B-00C04F79EFBC}") = "CleanArch.Domain", "CleanArch.Domain\CleanArch.Domain.csproj", "{6E05F13A-0B79-439D-BF9B-60E4E38898D0}"
EndProject
Project("{FAE04EC0-301F-11D3-BF4B-00C04F79EFBC}") = "CleanArch.Application", "CleanArch.Application\CleanArch.Application.csproj", "{555ACDA7-4F95-43A8-9415-4C8A4D52ECAF}"
EndProject
Project("{FAE04EC0-301F-11D3-BF4B-00C04F79EFBC}") = "CleanArch.Infra.Data", "CleanArch.Infra.Data\CleanArch.Infra.Data.csproj", "{04460D07-09D6-4DB2-9D88-0D199FA1DB94}"
EndProject
Project("{FAE04EC0-301F-11D3-BF4B-00C04F79EFBC}") = "CleanArch.Infra.Ioc", "CleanArch.Infra.Ioc\CleanArch.Infra.Ioc.csproj", "{119CE69E-F388-4E1C-BD17-9390DE6961DF}"
EndProject
Project("{FAE04EC0-301F-11D3-BF4B-00C04F79EFBC}") = "CleanArch.MVCC", "CleanArch.MVCC\CleanArch.MVCC.csproj", "{01AA8227-1C56-47A7-A482-F337608674E1}"
EndProject
Global
	GlobalSection(SolutionConfigurationPlatforms) = preSolution
		Debug|Any CPU = Debug|Any CPU
		Release|Any CPU = Release|Any CPU
	EndGlobalSection
	GlobalSection(ProjectConfigurationPlatforms) = postSolution
		{6E05F13A-0B79-439D-BF9B-60E4E38898D0}.Debug|Any CPU.ActiveCfg = Debug|Any CPU
		{6E05F13A-0B79-439D-BF9B-60E4E38898D0}.Debug|Any CPU.Build.0 = Debug|Any CPU
		{6E05F13A-0B79-439D-BF9B-60E4E38898D0}.Release|Any CPU.ActiveCfg = Release|Any CPU
		{6E05F13A-0B79-439D-BF9B-60E4E38898D0}.Release|Any CPU.Build.0 = Release|Any CPU
		{555ACDA7-4F95-43A8-9415-4C8A4D52ECAF}.Debug|Any CPU.ActiveCfg = Debug|Any CPU
		{555ACDA7-4F95-43A8-9415-4C8A4D52ECAF}.Debug|Any CPU.Build.0 = Debug|Any CPU
		{555ACDA7-4F95-43A8-9415-4C8A4D52ECAF}.Release|Any CPU.ActiveCfg = Release|Any CPU
		{555ACDA7-4F95-43A8-9415-4C8A4D52ECAF}.Release|Any CPU.Build.0 = Release|Any CPU
		{04460D07-09D6-4DB2-9D88-0D199FA1DB94}.Debug|Any CPU.ActiveCfg = Debug|Any CPU
		{04460D07-09D6-4DB2-9D88-0D199FA1DB94}.Debug|Any CPU.Build.0 = Debug|Any CPU
		{04460D07-09D6-4DB2-9D88-0D199FA1DB94}.Release|Any CPU.ActiveCfg = Release|Any CPU
		{04460D07-09D6-4DB2-9D88-0D199FA1DB94}.Release|Any CPU.Build.0 = Release|Any CPU
		{119CE69E-F388-4E1C-BD17-9390DE6961DF}.Debug|Any CPU.ActiveCfg = Debug|Any CPU
		{119CE69E-F388-4E1C-BD17-9390DE6961DF}.Debug|Any CPU.Build.0 = Debug|Any CPU
		{119CE69E-F388-4E1C-BD17-9390DE6961DF}.Release|Any CPU.ActiveCfg = Release|Any CPU
		{119CE69E-F388-4E1C-BD17-9390DE6961DF}.Release|Any CPU.Build.0 = Release|Any CPU
		{01AA8227-1C56-47A7-A482-F337608674E1}.Debug|Any CPU.ActiveCfg = Debug|Any CPU
		{01AA8227-1C56-47A7-A482-F337608674E1}.Debug|Any CPU.Build.0 = Debug|Any CPU
		{01AA8227-1C56-47A7-A482-F337608674E1}.Release|Any CPU.ActiveCfg = Release|Any CPU
		{01AA8227-1C56-47A7-A482-F337608674E1}.Release|Any CPU.Build.0 = Release|Any CPU
	EndGlobalSection
	GlobalSection(SolutionProperties) = preSolution
		HideSolutionNode = FALSE
	EndGlobalSection
	GlobalSection(ExtensibilityGlobals) = postSolution
		SolutionGuid = {A0BC7E60-B8EA-4C9E-92A1-1D67CC234F0C}
	EndGlobalSection
EndGlobal
